
Microsoft Visual Studio Solution File, Format Version 12.00
# Visual Studio Version 17
VisualStudioVersion = 17.9.34723.18
MinimumVisualStudioVersion = 10.0.40219.1
Project("{FAE04EC0-301F-11D3-BF4B-00C04F79EFBC}") = "Client", "Client\Client.csproj", "{A56CE631-A559-4EA3-8195-D095C0A7C8EA}"
EndProject
Project("{FAE04EC0-301F-11D3-BF4B-00C04F79EFBC}") = "Server", "Server\Server.csproj", "{28814F42-545D-408E-AA8B-52A88FC0E464}"
EndProject
Project("{FAE04EC0-301F-11D3-BF4B-00C04F79EFBC}") = "ReceivingAndSendingMessanges", "ReceivingAndSendingMessanges\ReceivingAndSendingMessanges.csproj", "{FDF619AA-75B7-4F28-96C9-E63282B9A177}"
EndProject
Global
	GlobalSection(SolutionConfigurationPlatforms) = preSolution
		Debug|Any CPU = Debug|Any CPU
		Release|Any CPU = Release|Any CPU
	EndGlobalSection
	GlobalSection(ProjectConfigurationPlatforms) = postSolution
		{A56CE631-A559-4EA3-8195-D095C0A7C8EA}.Debug|Any CPU.ActiveCfg = Debug|Any CPU
		{A56CE631-A559-4EA3-8195-D095C0A7C8EA}.Debug|Any CPU.Build.0 = Debug|Any CPU
		{A56CE631-A559-4EA3-8195-D095C0A7C8EA}.Release|Any CPU.ActiveCfg = Release|Any CPU
		{A56CE631-A559-4EA3-8195-D095C0A7C8EA}.Release|Any CPU.Build.0 = Release|Any CPU
		{28814F42-545D-408E-AA8B-52A88FC0E464}.Debug|Any CPU.ActiveCfg = Debug|Any CPU
		{28814F42-545D-408E-AA8B-52A88FC0E464}.Debug|Any CPU.Build.0 = Debug|Any CPU
		{28814F42-545D-408E-AA8B-52A88FC0E464}.Release|Any CPU.ActiveCfg = Release|Any CPU
		{28814F42-545D-408E-AA8B-52A88FC0E464}.Release|Any CPU.Build.0 = Release|Any CPU
		{FDF619AA-75B7-4F28-96C9-E63282B9A177}.Debug|Any CPU.ActiveCfg = Debug|Any CPU
		{FDF619AA-75B7-4F28-96C9-E63282B9A177}.Debug|Any CPU.Build.0 = Debug|Any CPU
		{FDF619AA-75B7-4F28-96C9-E63282B9A177}.Release|Any CPU.ActiveCfg = Release|Any CPU
		{FDF619AA-75B7-4F28-96C9-E63282B9A177}.Release|Any CPU.Build.0 = Release|Any CPU
	EndGlobalSection
	GlobalSection(SolutionProperties) = preSolution
		HideSolutionNode = FALSE
	EndGlobalSection
	GlobalSection(ExtensibilityGlobals) = postSolution
		SolutionGuid = {5203EB23-E974-4057-B74B-5BFCB1A29364}
	EndGlobalSection
EndGlobal
